{
  "requires": true,
  "lockfileVersion": 1,
  "dependencies": {
    "axios": {
      "version": "0.16.2",
      "resolved": "https://registry.npmjs.org/axios/-/axios-0.16.2.tgz",
      "integrity": "sha1-uk+S8XFn37q0CYN4VFS5rBScPG0=",
      "dev": true
    },
    "cross-env": {
      "version": "5.0.5",
      "resolved": "https://registry.npmjs.org/cross-env/-/cross-env-5.0.5.tgz",
      "integrity": "sha1-Q4PTZNlmCHPdGFs5ivO/717//vM=",
      "dev": true
    },
    "laravel-mix": {
      "version": "1.4.3",
      "resolved": "https://registry.npmjs.org/laravel-mix/-/laravel-mix-1.4.3.tgz",
      "integrity": "sha512-qfn/ZwqF++ErEx1gYt2oeyX22/gkCnaxmlMWBKiaIGXXuHrAt8pEwAgGf0bhLX4U0LL9dpuqIat8BiusgWX53A==",
      "dev": true
    },
    "lodash": {
      "version": "4.17.13",
      "resolved": "https://registry.npmjs.org/lodash/-/lodash-4.17.13.tgz",
      "integrity": "sha512-vm3/XWXfWtRua0FkUyEHBZy8kCPjErNBT9fJx8Zvs+U6zjqPbTUOpkaoum3O5uiA8sm+yNMHXfYkTUHFoMxFNA==",
      "dev": true
    },
    "stylus": {
      "version": "0.54.5",
      "resolved": "https://registry.npmjs.org/stylus/-/stylus-0.54.5.tgz",
      "integrity": "sha1-QrlWCTHKcJDOhRWnmLqeaqPW3Hk=",
      "dev": true,
      "dependencies": {
        "glob": {
          "version": "7.0.6",
          "resolved": "https://registry.npmjs.org/glob/-/glob-7.0.6.tgz",
          "integrity": "sha1-IRuvr0nlJbjNkyYNFKsTYVKz9Xo="
        },
        "sax": {
          "version": "0.5.8",
          "resolved": "https://registry.npmjs.org/sax/-/sax-0.5.8.tgz",
          "integrity": "sha1-1HLbIo6zMcJQaw6MFVJK25OdEsE="
        },
        "source-map": {
          "version": "0.1.43",
          "resolved": "https://registry.npmjs.org/source-map/-/source-map-0.1.43.tgz",
          "integrity": "sha1-wkvBRspRfBRx9drL4lcbK3+eM0Y="
        }
      }
    },
    "stylus-loader": {
      "version": "3.0.1",
      "resolved": "https://registry.npmjs.org/stylus-loader/-/stylus-loader-3.0.1.tgz",
      "integrity": "sha1-d/SzT9Aw0lsmF7z1UT21sHMMQIk=",
      "dev": true
    },
    "vue": {
      "version": "2.4.4",
      "resolved": "https://registry.npmjs.org/vue/-/vue-2.4.4.tgz",
      "integrity": "sha512-PCiRmc8ZT1DD5+BN8QUAmnkBefcCLfZVSuhc1u7iu5JoPrSHyyk/+4nehm7k2xVMi8+RFLk5WIHAN14UKF0txw==",
      "dev": true
    },
    "vue-router": {
      "version": "2.7.0",
      "resolved": "https://registry.npmjs.org/vue-router/-/vue-router-2.7.0.tgz",
      "integrity": "sha512-kxgsT50dDExua3i103nxNBjlfk8LeUmO9iujVxXV42MnISINHUjqMrknpOOJEg+i9nEkoVgG8N86Pklze35c/A=="
    },
    "vuetify": {
      "version": "0.15.7",
      "resolved": "https://registry.npmjs.org/vuetify/-/vuetify-0.15.7.tgz",
      "integrity": "sha512-bJk9kiIWMfTcSliktgNOUSzr5MlBY8oLOMZSSqW+QHtVAuxtk0dUhwdh5WRIsYWqnU64Yi1Kx9tIvNUdF8QscQ=="
    }
  }
}
